
Microsoft Visual Studio Solution File, Format Version 12.00
# Visual Studio Version 17
VisualStudioVersion = 17.0.31903.59
MinimumVisualStudioVersion = 10.0.40219.1
Project("{FAE04EC0-301F-11D3-BF4B-00C04F79EFBC}") = "ISRCalculator.Core", "ISRCalculator.Core\ISRCalculator.Core.csproj", "{FED1FFF2-2DE4-4EA1-A654-C14A710423DB}"
EndProject
Project("{FAE04EC0-301F-11D3-BF4B-00C04F79EFBC}") = "ISRCalculator.App", "ISRCalculator.App\ISRCalculator.App.csproj", "{26C19207-8E17-476A-B288-4EDDC1C8AFDE}"
EndProject
Project("{FAE04EC0-301F-11D3-BF4B-00C04F79EFBC}") = "ISRCalculator.Tests", "ISRCalculator.Tests\ISRCalculator.Tests.csproj", "{9689BCF6-9238-44C8-B3F4-6C3C43A615CE}"
EndProject
Global
	GlobalSection(SolutionConfigurationPlatforms) = preSolution
		Debug|Any CPU = Debug|Any CPU
		Release|Any CPU = Release|Any CPU
	EndGlobalSection
	GlobalSection(SolutionProperties) = preSolution
		HideSolutionNode = FALSE
	EndGlobalSection
	GlobalSection(ProjectConfigurationPlatforms) = postSolution
		{FED1FFF2-2DE4-4EA1-A654-C14A710423DB}.Debug|Any CPU.ActiveCfg = Debug|Any CPU
		{FED1FFF2-2DE4-4EA1-A654-C14A710423DB}.Debug|Any CPU.Build.0 = Debug|Any CPU
		{FED1FFF2-2DE4-4EA1-A654-C14A710423DB}.Release|Any CPU.ActiveCfg = Release|Any CPU
		{FED1FFF2-2DE4-4EA1-A654-C14A710423DB}.Release|Any CPU.Build.0 = Release|Any CPU
		{26C19207-8E17-476A-B288-4EDDC1C8AFDE}.Debug|Any CPU.ActiveCfg = Debug|Any CPU
		{26C19207-8E17-476A-B288-4EDDC1C8AFDE}.Debug|Any CPU.Build.0 = Debug|Any CPU
		{26C19207-8E17-476A-B288-4EDDC1C8AFDE}.Release|Any CPU.ActiveCfg = Release|Any CPU
		{26C19207-8E17-476A-B288-4EDDC1C8AFDE}.Release|Any CPU.Build.0 = Release|Any CPU
		{9689BCF6-9238-44C8-B3F4-6C3C43A615CE}.Debug|Any CPU.ActiveCfg = Debug|Any CPU
		{9689BCF6-9238-44C8-B3F4-6C3C43A615CE}.Debug|Any CPU.Build.0 = Debug|Any CPU
		{9689BCF6-9238-44C8-B3F4-6C3C43A615CE}.Release|Any CPU.ActiveCfg = Release|Any CPU
		{9689BCF6-9238-44C8-B3F4-6C3C43A615CE}.Release|Any CPU.Build.0 = Release|Any CPU
	EndGlobalSection
EndGlobal
